
Microsoft Visual Studio Solution File, Format Version 12.00
# Visual Studio Version 17
VisualStudioVersion = 17.8.34316.72
MinimumVisualStudioVersion = 10.0.40219.1
Project("{9A19103F-16F7-4668-BE54-9A1E7A4F7556}") = "ValueGuardian", "ValueGuardian.csproj", "{08BFB18C-BED9-4842-BCB2-39BC782F177A}"
EndProject
Project("{2150E333-8FDC-42A3-9474-1A3956D46DE8}") = "Solution Items", "Solution Items", "{15EC5712-39B1-47EA-97FF-20BB6E1995F6}"
	ProjectSection(SolutionItems) = preProject
		LICENSE.txt = LICENSE.txt
	EndProjectSection
EndProject
Global
	GlobalSection(SolutionConfigurationPlatforms) = preSolution
		Debug|Any CPU = Debug|Any CPU
		Release|Any CPU = Release|Any CPU
	EndGlobalSection
	GlobalSection(ProjectConfigurationPlatforms) = postSolution
		{08BFB18C-BED9-4842-BCB2-39BC782F177A}.Debug|Any CPU.ActiveCfg = Debug|Any CPU
		{08BFB18C-BED9-4842-BCB2-39BC782F177A}.Debug|Any CPU.Build.0 = Debug|Any CPU
		{08BFB18C-BED9-4842-BCB2-39BC782F177A}.Release|Any CPU.ActiveCfg = Release|Any CPU
		{08BFB18C-BED9-4842-BCB2-39BC782F177A}.Release|Any CPU.Build.0 = Release|Any CPU
	EndGlobalSection
	GlobalSection(SolutionProperties) = preSolution
		HideSolutionNode = FALSE
	EndGlobalSection
	GlobalSection(ExtensibilityGlobals) = postSolution
		SolutionGuid = {1D151DC1-CD97-48B3-BCB2-225975495DD9}
	EndGlobalSection
EndGlobal
